// !$*UTF8*$!
{
	archiveVersion = 1;
	classes = {
	};
	objectVersion = 50;
	objects = {

/* Begin PBXBuildFile section */
		292D744A219F925000414217 /* AppDelegate.swift in Sources */ = {isa = PBXBuildFile; fileRef = 292D7449219F925000414217 /* AppDelegate.swift */; };
		292D744F219F925000414217 /* Main.storyboard in Resources */ = {isa = PBXBuildFile; fileRef = 292D744D219F925000414217 /* Main.storyboard */; };
		292D7451219F925400414217 /* Assets.xcassets in Resources */ = {isa = PBXBuildFile; fileRef = 292D7450219F925400414217 /* Assets.xcassets */; };
		292D7454219F925400414217 /* LaunchScreen.storyboard in Resources */ = {isa = PBXBuildFile; fileRef = 292D7452219F925400414217 /* LaunchScreen.storyboard */; };
		29D73F4521A704C900C87EC3 /* GoogleService-Info.plist in Resources */ = {isa = PBXBuildFile; fileRef = 29D73F4421A704C900C87EC3 /* GoogleService-Info.plist */; };
		29D73F5321A83FCB00C87EC3 /* LoginViewController.swift in Sources */ = {isa = PBXBuildFile; fileRef = 29D73F5221A83FCB00C87EC3 /* LoginViewController.swift */; };
		29D73F5521A8472C00C87EC3 /* Login.storyboard in Resources */ = {isa = PBXBuildFile; fileRef = 29D73F5421A8472C00C87EC3 /* Login.storyboard */; };
		29D73F5921A9A4BB00C87EC3 /* User.swift in Sources */ = {isa = PBXBuildFile; fileRef = 29D73F5821A9A4BB00C87EC3 /* User.swift */; };
		3D31ACB4903358DBA23EE191 /* Pods_Rainmaker.framework in Frameworks */ = {isa = PBXBuildFile; fileRef = 1EE1EE84E3723C7A936E23E0 /* Pods_Rainmaker.framework */; };
		F0D7A9E521AB0EB90069EF16 /* HomeViewController.swift in Sources */ = {isa = PBXBuildFile; fileRef = F0D7A9E421AB0EB90069EF16 /* HomeViewController.swift */; };
		F0D7A9E721AB0EC60069EF16 /* SearchViewController.swift in Sources */ = {isa = PBXBuildFile; fileRef = F0D7A9E621AB0EC60069EF16 /* SearchViewController.swift */; };
		F0D7A9E921AB0ED00069EF16 /* ProfileViewController.swift in Sources */ = {isa = PBXBuildFile; fileRef = F0D7A9E821AB0ED00069EF16 /* ProfileViewController.swift */; };
		F0D7A9EC21AB109C0069EF16 /* HomeScreen.storyboard in Resources */ = {isa = PBXBuildFile; fileRef = F0D7A9EB21AB109C0069EF16 /* HomeScreen.storyboard */; };
		F0D7A9EE21AB338D0069EF16 /* HomeFeedTableViewCell.swift in Sources */ = {isa = PBXBuildFile; fileRef = F0D7A9ED21AB338D0069EF16 /* HomeFeedTableViewCell.swift */; };
		F0D7A9F021AB344C0069EF16 /* HomePost.swift in Sources */ = {isa = PBXBuildFile; fileRef = F0D7A9EF21AB344C0069EF16 /* HomePost.swift */; };
		F0D7A9F221AB35F80069EF16 /* Bet.swift in Sources */ = {isa = PBXBuildFile; fileRef = F0D7A9F121AB35F80069EF16 /* Bet.swift */; };
		F0D7A9F421AB3C850069EF16 /* BetService.swift in Sources */ = {isa = PBXBuildFile; fileRef = F0D7A9F321AB3C850069EF16 /* BetService.swift */; };
		F0D7A9F621AB3F640069EF16 /* Search.storyboard in Resources */ = {isa = PBXBuildFile; fileRef = F0D7A9F521AB3F640069EF16 /* Search.storyboard */; };
		F0D7A9F821AB40780069EF16 /* SearchTableViewCell.swift in Sources */ = {isa = PBXBuildFile; fileRef = F0D7A9F721AB40780069EF16 /* SearchTableViewCell.swift */; };
/* End PBXBuildFile section */

/* Begin PBXFileReference section */
		1EE1EE84E3723C7A936E23E0 /* Pods_Rainmaker.framework */ = {isa = PBXFileReference; explicitFileType = wrapper.framework; includeInIndex = 0; path = Pods_Rainmaker.framework; sourceTree = BUILT_PRODUCTS_DIR; };
		20C0835644452D0E2B85263B /* Pods-Rainmaker.debug.xcconfig */ = {isa = PBXFileReference; includeInIndex = 1; lastKnownFileType = text.xcconfig; name = "Pods-Rainmaker.debug.xcconfig"; path = "Pods/Target Support Files/Pods-Rainmaker/Pods-Rainmaker.debug.xcconfig"; sourceTree = "<group>"; };
		292D7446219F925000414217 /* Rainmaker.app */ = {isa = PBXFileReference; explicitFileType = wrapper.application; includeInIndex = 0; path = Rainmaker.app; sourceTree = BUILT_PRODUCTS_DIR; };
		292D7449219F925000414217 /* AppDelegate.swift */ = {isa = PBXFileReference; lastKnownFileType = sourcecode.swift; path = AppDelegate.swift; sourceTree = "<group>"; };
		292D744E219F925000414217 /* Base */ = {isa = PBXFileReference; lastKnownFileType = file.storyboard; name = Base; path = Base.lproj/Main.storyboard; sourceTree = "<group>"; };
		292D7450219F925400414217 /* Assets.xcassets */ = {isa = PBXFileReference; lastKnownFileType = folder.assetcatalog; path = Assets.xcassets; sourceTree = "<group>"; };
		292D7453219F925400414217 /* Base */ = {isa = PBXFileReference; lastKnownFileType = file.storyboard; name = Base; path = Base.lproj/LaunchScreen.storyboard; sourceTree = "<group>"; };
		292D7455219F925400414217 /* Info.plist */ = {isa = PBXFileReference; lastKnownFileType = text.plist.xml; path = Info.plist; sourceTree = "<group>"; };
		29D73F4421A704C900C87EC3 /* GoogleService-Info.plist */ = {isa = PBXFileReference; fileEncoding = 4; lastKnownFileType = text.plist.xml; path = "GoogleService-Info.plist"; sourceTree = "<group>"; };
		29D73F5221A83FCB00C87EC3 /* LoginViewController.swift */ = {isa = PBXFileReference; lastKnownFileType = sourcecode.swift; path = LoginViewController.swift; sourceTree = "<group>"; };
		29D73F5421A8472C00C87EC3 /* Login.storyboard */ = {isa = PBXFileReference; lastKnownFileType = file.storyboard; path = Login.storyboard; sourceTree = "<group>"; };
		29D73F5821A9A4BB00C87EC3 /* User.swift */ = {isa = PBXFileReference; lastKnownFileType = sourcecode.swift; path = User.swift; sourceTree = "<group>"; };
		AF553E494EEDD03AF41DB269 /* Pods-Rainmaker.release.xcconfig */ = {isa = PBXFileReference; includeInIndex = 1; lastKnownFileType = text.xcconfig; name = "Pods-Rainmaker.release.xcconfig"; path = "Pods/Target Support Files/Pods-Rainmaker/Pods-Rainmaker.release.xcconfig"; sourceTree = "<group>"; };
		F0D7A9E421AB0EB90069EF16 /* HomeViewController.swift */ = {isa = PBXFileReference; lastKnownFileType = sourcecode.swift; path = HomeViewController.swift; sourceTree = "<group>"; };
		F0D7A9E621AB0EC60069EF16 /* SearchViewController.swift */ = {isa = PBXFileReference; lastKnownFileType = sourcecode.swift; path = SearchViewController.swift; sourceTree = "<group>"; };
		F0D7A9E821AB0ED00069EF16 /* ProfileViewController.swift */ = {isa = PBXFileReference; lastKnownFileType = sourcecode.swift; path = ProfileViewController.swift; sourceTree = "<group>"; };
		F0D7A9EB21AB109C0069EF16 /* HomeScreen.storyboard */ = {isa = PBXFileReference; lastKnownFileType = file.storyboard; path = HomeScreen.storyboard; sourceTree = "<group>"; };
		F0D7A9ED21AB338D0069EF16 /* HomeFeedTableViewCell.swift */ = {isa = PBXFileReference; lastKnownFileType = sourcecode.swift; name = HomeFeedTableViewCell.swift; path = Rainmaker/Storyboards/HomeFeedTableViewCell.swift; sourceTree = SOURCE_ROOT; };
		F0D7A9EF21AB344C0069EF16 /* HomePost.swift */ = {isa = PBXFileReference; lastKnownFileType = sourcecode.swift; path = HomePost.swift; sourceTree = "<group>"; };
		F0D7A9F121AB35F80069EF16 /* Bet.swift */ = {isa = PBXFileReference; lastKnownFileType = sourcecode.swift; path = Bet.swift; sourceTree = "<group>"; };
		F0D7A9F321AB3C850069EF16 /* BetService.swift */ = {isa = PBXFileReference; lastKnownFileType = sourcecode.swift; name = BetService.swift; path = Rainmaker/Models/BetService.swift; sourceTree = SOURCE_ROOT; };
		F0D7A9F521AB3F640069EF16 /* Search.storyboard */ = {isa = PBXFileReference; fileEncoding = 4; lastKnownFileType = file.storyboard; path = Search.storyboard; sourceTree = "<group>"; };
		F0D7A9F721AB40780069EF16 /* SearchTableViewCell.swift */ = {isa = PBXFileReference; lastKnownFileType = sourcecode.swift; name = SearchTableViewCell.swift; path = Rainmaker/Storyboards/SearchTableViewCell.swift; sourceTree = SOURCE_ROOT; };
/* End PBXFileReference section */

/* Begin PBXFrameworksBuildPhase section */
		292D7443219F925000414217 /* Frameworks */ = {
			isa = PBXFrameworksBuildPhase;
			buildActionMask = 2147483647;
			files = (
				3D31ACB4903358DBA23EE191 /* Pods_Rainmaker.framework in Frameworks */,
			);
			runOnlyForDeploymentPostprocessing = 0;
		};
/* End PBXFrameworksBuildPhase section */

/* Begin PBXGroup section */
		04033486B90F883E556381FF /* Frameworks */ = {
			isa = PBXGroup;
			children = (
				1EE1EE84E3723C7A936E23E0 /* Pods_Rainmaker.framework */,
			);
			name = Frameworks;
			sourceTree = "<group>";
		};
		292D743D219F925000414217 = {
			isa = PBXGroup;
			children = (
				292D7448219F925000414217 /* Rainmaker */,
				292D7447219F925000414217 /* Products */,
				AF212B8FA3C858DFB3D7A223 /* Pods */,
				04033486B90F883E556381FF /* Frameworks */,
			);
			sourceTree = "<group>";
		};
		292D7447219F925000414217 /* Products */ = {
			isa = PBXGroup;
			children = (
				292D7446219F925000414217 /* Rainmaker.app */,
			);
			name = Products;
			sourceTree = "<group>";
		};
		292D7448219F925000414217 /* Rainmaker */ = {
			isa = PBXGroup;
			children = (
				292D7449219F925000414217 /* AppDelegate.swift */,
				29D73F4F21A7495100C87EC3 /* Controllers */,
				29D73F4E21A7492400C87EC3 /* Views */,
				29D73F4D21A7491C00C87EC3 /* Supporting Files */,
				29D73F4C21A7491200C87EC3 /* Storyboards */,
				29D73F4B21A7490400C87EC3 /* Services */,
				29D73F4921A748EF00C87EC3 /* Helpers */,
				29D73F4621A748AA00C87EC3 /* Models */,
				29D73F4721A748B800C87EC3 /* Extensions */,
				292D7450219F925400414217 /* Assets.xcassets */,
			);
			path = Rainmaker;
			sourceTree = "<group>";
		};
		29D73F4621A748AA00C87EC3 /* Models */ = {
			isa = PBXGroup;
			children = (
				29D73F5821A9A4BB00C87EC3 /* User.swift */,
				F0D7A9EF21AB344C0069EF16 /* HomePost.swift */,
				F0D7A9F121AB35F80069EF16 /* Bet.swift */,
			);
			path = Models;
			sourceTree = "<group>";
		};
		29D73F4721A748B800C87EC3 /* Extensions */ = {
			isa = PBXGroup;
			children = (
			);
			path = Extensions;
			sourceTree = "<group>";
		};
		29D73F4921A748EF00C87EC3 /* Helpers */ = {
			isa = PBXGroup;
			children = (
			);
			path = Helpers;
			sourceTree = "<group>";
		};
		29D73F4B21A7490400C87EC3 /* Services */ = {
			isa = PBXGroup;
			children = (
				F0D7A9F321AB3C850069EF16 /* BetService.swift */,
			);
			path = Services;
			sourceTree = "<group>";
		};
		29D73F4C21A7491200C87EC3 /* Storyboards */ = {
			isa = PBXGroup;
			children = (
				F0D7A9F521AB3F640069EF16 /* Search.storyboard */,
				292D7452219F925400414217 /* LaunchScreen.storyboard */,
				292D744D219F925000414217 /* Main.storyboard */,
				29D73F5421A8472C00C87EC3 /* Login.storyboard */,
				F0D7A9EB21AB109C0069EF16 /* HomeScreen.storyboard */,
			);
			path = Storyboards;
			sourceTree = "<group>";
		};
		29D73F4D21A7491C00C87EC3 /* Supporting Files */ = {
			isa = PBXGroup;
			children = (
				292D7455219F925400414217 /* Info.plist */,
				29D73F4421A704C900C87EC3 /* GoogleService-Info.plist */,
			);
			path = "Supporting Files";
			sourceTree = "<group>";
		};
		29D73F4E21A7492400C87EC3 /* Views */ = {
			isa = PBXGroup;
			children = (
				F0D7A9F721AB40780069EF16 /* SearchTableViewCell.swift */,
				F0D7A9ED21AB338D0069EF16 /* HomeFeedTableViewCell.swift */,
			);
			path = Views;
			sourceTree = "<group>";
		};
		29D73F4F21A7495100C87EC3 /* Controllers */ = {
			isa = PBXGroup;
			children = (
				29D73F5221A83FCB00C87EC3 /* LoginViewController.swift */,
				F0D7A9E421AB0EB90069EF16 /* HomeViewController.swift */,
				F0D7A9E621AB0EC60069EF16 /* SearchViewController.swift */,
				F0D7A9E821AB0ED00069EF16 /* ProfileViewController.swift */,
			);
			path = Controllers;
			sourceTree = "<group>";
		};
		AF212B8FA3C858DFB3D7A223 /* Pods */ = {
			isa = PBXGroup;
			children = (
				20C0835644452D0E2B85263B /* Pods-Rainmaker.debug.xcconfig */,
				AF553E494EEDD03AF41DB269 /* Pods-Rainmaker.release.xcconfig */,
			);
			name = Pods;
			sourceTree = "<group>";
		};
/* End PBXGroup section */

/* Begin PBXNativeTarget section */
		292D7445219F925000414217 /* Rainmaker */ = {
			isa = PBXNativeTarget;
			buildConfigurationList = 292D7458219F925400414217 /* Build configuration list for PBXNativeTarget "Rainmaker" */;
			buildPhases = (
				0DB2E4E3888DBDEBBEEE4299 /* [CP] Check Pods Manifest.lock */,
				292D7442219F925000414217 /* Sources */,
				292D7443219F925000414217 /* Frameworks */,
				292D7444219F925000414217 /* Resources */,
				22C76F1CA2A3FD92080E655A /* [CP] Embed Pods Frameworks */,
				FB82810546E121F2C8926FB9 /* [CP] Copy Pods Resources */,
			);
			buildRules = (
			);
			dependencies = (
			);
			name = Rainmaker;
			productName = Rainmaker;
			productReference = 292D7446219F925000414217 /* Rainmaker.app */;
			productType = "com.apple.product-type.application";
		};
/* End PBXNativeTarget section */

/* Begin PBXProject section */
		292D743E219F925000414217 /* Project object */ = {
			isa = PBXProject;
			attributes = {
				LastSwiftUpdateCheck = 1010;
				LastUpgradeCheck = 1010;
				ORGANIZATIONNAME = "Jack Soslow";
				TargetAttributes = {
					292D7445219F925000414217 = {
						CreatedOnToolsVersion = 10.1;
					};
				};
			};
			buildConfigurationList = 292D7441219F925000414217 /* Build configuration list for PBXProject "Rainmaker" */;
			compatibilityVersion = "Xcode 9.3";
			developmentRegion = en;
			hasScannedForEncodings = 0;
			knownRegions = (
				en,
				Base,
			);
			mainGroup = 292D743D219F925000414217;
			productRefGroup = 292D7447219F925000414217 /* Products */;
			projectDirPath = "";
			projectRoot = "";
			targets = (
				292D7445219F925000414217 /* Rainmaker */,
			);
		};
/* End PBXProject section */

/* Begin PBXResourcesBuildPhase section */
		292D7444219F925000414217 /* Resources */ = {
			isa = PBXResourcesBuildPhase;
			buildActionMask = 2147483647;
			files = (
				292D7454219F925400414217 /* LaunchScreen.storyboard in Resources */,
				29D73F4521A704C900C87EC3 /* GoogleService-Info.plist in Resources */,
				292D7451219F925400414217 /* Assets.xcassets in Resources */,
				F0D7A9EC21AB109C0069EF16 /* HomeScreen.storyboard in Resources */,
				F0D7A9F621AB3F640069EF16 /* Search.storyboard in Resources */,
				29D73F5521A8472C00C87EC3 /* Login.storyboard in Resources */,
				292D744F219F925000414217 /* Main.storyboard in Resources */,
			);
			runOnlyForDeploymentPostprocessing = 0;
		};
/* End PBXResourcesBuildPhase section */

/* Begin PBXShellScriptBuildPhase section */
		0DB2E4E3888DBDEBBEEE4299 /* [CP] Check Pods Manifest.lock */ = {
			isa = PBXShellScriptBuildPhase;
			buildActionMask = 2147483647;
			files = (
			);
			inputFileListPaths = (
			);
			inputPaths = (
				"${PODS_PODFILE_DIR_PATH}/Podfile.lock",
				"${PODS_ROOT}/Manifest.lock",
			);
			name = "[CP] Check Pods Manifest.lock";
			outputFileListPaths = (
			);
			outputPaths = (
				"$(DERIVED_FILE_DIR)/Pods-Rainmaker-checkManifestLockResult.txt",
			);
			runOnlyForDeploymentPostprocessing = 0;
			shellPath = /bin/sh;
			shellScript = "diff \"${PODS_PODFILE_DIR_PATH}/Podfile.lock\" \"${PODS_ROOT}/Manifest.lock\" > /dev/null\nif [ $? != 0 ] ; then\n    # print error to STDERR\n    echo \"error: The sandbox is not in sync with the Podfile.lock. Run 'pod install' or update your CocoaPods installation.\" >&2\n    exit 1\nfi\n# This output is used by Xcode 'outputs' to avoid re-running this script phase.\necho \"SUCCESS\" > \"${SCRIPT_OUTPUT_FILE_0}\"\n";
			showEnvVarsInLog = 0;
		};
		22C76F1CA2A3FD92080E655A /* [CP] Embed Pods Frameworks */ = {
			isa = PBXShellScriptBuildPhase;
			buildActionMask = 2147483647;
			files = (
			);
			inputFileListPaths = (
			);
			inputPaths = (
				"${SRCROOT}/Pods/Target Support Files/Pods-Rainmaker/Pods-Rainmaker-frameworks.sh",
				"${BUILT_PRODUCTS_DIR}/GTMSessionFetcher/GTMSessionFetcher.framework",
				"${BUILT_PRODUCTS_DIR}/GoogleUtilities/GoogleUtilities.framework",
				"${BUILT_PRODUCTS_DIR}/leveldb-library/leveldb.framework",
				"${BUILT_PRODUCTS_DIR}/nanopb/nanopb.framework",
			);
			name = "[CP] Embed Pods Frameworks";
			outputFileListPaths = (
			);
			outputPaths = (
				"${TARGET_BUILD_DIR}/${FRAMEWORKS_FOLDER_PATH}/GTMSessionFetcher.framework",
				"${TARGET_BUILD_DIR}/${FRAMEWORKS_FOLDER_PATH}/GoogleUtilities.framework",
				"${TARGET_BUILD_DIR}/${FRAMEWORKS_FOLDER_PATH}/leveldb.framework",
				"${TARGET_BUILD_DIR}/${FRAMEWORKS_FOLDER_PATH}/nanopb.framework",
			);
			runOnlyForDeploymentPostprocessing = 0;
			shellPath = /bin/sh;
			shellScript = "\"${SRCROOT}/Pods/Target Support Files/Pods-Rainmaker/Pods-Rainmaker-frameworks.sh\"\n";
			showEnvVarsInLog = 0;
		};
		FB82810546E121F2C8926FB9 /* [CP] Copy Pods Resources */ = {
			isa = PBXShellScriptBuildPhase;
			buildActionMask = 2147483647;
			files = (
			);
			inputFileListPaths = (
			);
			inputPaths = (
				"${SRCROOT}/Pods/Target Support Files/Pods-Rainmaker/Pods-Rainmaker-resources.sh",
				"${PODS_CONFIGURATION_BUILD_DIR}/FirebaseUI/FirebaseAuthUI.bundle",
			);
			name = "[CP] Copy Pods Resources";
			outputFileListPaths = (
			);
			outputPaths = (
				"${TARGET_BUILD_DIR}/${UNLOCALIZED_RESOURCES_FOLDER_PATH}/FirebaseAuthUI.bundle",
			);
			runOnlyForDeploymentPostprocessing = 0;
			shellPath = /bin/sh;
			shellScript = "\"${SRCROOT}/Pods/Target Support Files/Pods-Rainmaker/Pods-Rainmaker-resources.sh\"\n";
			showEnvVarsInLog = 0;
		};
/* End PBXShellScriptBuildPhase section */

/* Begin PBXSourcesBuildPhase section */
		292D7442219F925000414217 /* Sources */ = {
			isa = PBXSourcesBuildPhase;
			buildActionMask = 2147483647;
			files = (
				F0D7A9F021AB344C0069EF16 /* HomePost.swift in Sources */,
				F0D7A9E921AB0ED00069EF16 /* ProfileViewController.swift in Sources */,
				F0D7A9E721AB0EC60069EF16 /* SearchViewController.swift in Sources */,
				F0D7A9EE21AB338D0069EF16 /* HomeFeedTableViewCell.swift in Sources */,
				F0D7A9F821AB40780069EF16 /* SearchTableViewCell.swift in Sources */,
				29D73F5921A9A4BB00C87EC3 /* User.swift in Sources */,
				29D73F5321A83FCB00C87EC3 /* LoginViewController.swift in Sources */,
				292D744A219F925000414217 /* AppDelegate.swift in Sources */,
				F0D7A9F221AB35F80069EF16 /* Bet.swift in Sources */,
				F0D7A9E521AB0EB90069EF16 /* HomeViewController.swift in Sources */,
				F0D7A9F421AB3C850069EF16 /* BetService.swift in Sources */,
			);
			runOnlyForDeploymentPostprocessing = 0;
		};
/* End PBXSourcesBuildPhase section */

/* Begin PBXVariantGroup section */
		292D744D219F925000414217 /* Main.storyboard */ = {
			isa = PBXVariantGroup;
			children = (
				292D744E219F925000414217 /* Base */,
			);
			name = Main.storyboard;
			sourceTree = "<group>";
		};
		292D7452219F925400414217 /* LaunchScreen.storyboard */ = {
			isa = PBXVariantGroup;
			children = (
				292D7453219F925400414217 /* Base */,
			);
			name = LaunchScreen.storyboard;
			sourceTree = "<group>";
		};
/* End PBXVariantGroup section */

/* Begin XCBuildConfiguration section */
		292D7456219F925400414217 /* Debug */ = {
			isa = XCBuildConfiguration;
			buildSettings = {
				ALWAYS_SEARCH_USER_PATHS = NO;
				CLANG_ANALYZER_NONNULL = YES;
				CLANG_ANALYZER_NUMBER_OBJECT_CONVERSION = YES_AGGRESSIVE;
				CLANG_CXX_LANGUAGE_STANDARD = "gnu++14";
				CLANG_CXX_LIBRARY = "libc++";
				CLANG_ENABLE_MODULES = YES;
				CLANG_ENABLE_OBJC_ARC = YES;
				CLANG_ENABLE_OBJC_WEAK = YES;
				CLANG_WARN_BLOCK_CAPTURE_AUTORELEASING = YES;
				CLANG_WARN_BOOL_CONVERSION = YES;
				CLANG_WARN_COMMA = YES;
				CLANG_WARN_CONSTANT_CONVERSION = YES;
				CLANG_WARN_DEPRECATED_OBJC_IMPLEMENTATIONS = YES;
				CLANG_WARN_DIRECT_OBJC_ISA_USAGE = YES_ERROR;
				CLANG_WARN_DOCUMENTATION_COMMENTS = YES;
				CLANG_WARN_EMPTY_BODY = YES;
				CLANG_WARN_ENUM_CONVERSION = YES;
				CLANG_WARN_INFINITE_RECURSION = YES;
				CLANG_WARN_INT_CONVERSION = YES;
				CLANG_WARN_NON_LITERAL_NULL_CONVERSION = YES;
				CLANG_WARN_OBJC_IMPLICIT_RETAIN_SELF = YES;
				CLANG_WARN_OBJC_LITERAL_CONVERSION = YES;
				CLANG_WARN_OBJC_ROOT_CLASS = YES_ERROR;
				CLANG_WARN_RANGE_LOOP_ANALYSIS = YES;
				CLANG_WARN_STRICT_PROTOTYPES = YES;
				CLANG_WARN_SUSPICIOUS_MOVE = YES;
				CLANG_WARN_UNGUARDED_AVAILABILITY = YES_AGGRESSIVE;
				CLANG_WARN_UNREACHABLE_CODE = YES;
				CLANG_WARN__DUPLICATE_METHOD_MATCH = YES;
				CODE_SIGN_IDENTITY = "iPhone Developer";
				COPY_PHASE_STRIP = NO;
				DEBUG_INFORMATION_FORMAT = dwarf;
				ENABLE_STRICT_OBJC_MSGSEND = YES;
				ENABLE_TESTABILITY = YES;
				GCC_C_LANGUAGE_STANDARD = gnu11;
				GCC_DYNAMIC_NO_PIC = NO;
				GCC_NO_COMMON_BLOCKS = YES;
				GCC_OPTIMIZATION_LEVEL = 0;
				GCC_PREPROCESSOR_DEFINITIONS = (
					"DEBUG=1",
					"$(inherited)",
				);
				GCC_WARN_64_TO_32_BIT_CONVERSION = YES;
				GCC_WARN_ABOUT_RETURN_TYPE = YES_ERROR;
				GCC_WARN_UNDECLARED_SELECTOR = YES;
				GCC_WARN_UNINITIALIZED_AUTOS = YES_AGGRESSIVE;
				GCC_WARN_UNUSED_FUNCTION = YES;
				GCC_WARN_UNUSED_VARIABLE = YES;
				IPHONEOS_DEPLOYMENT_TARGET = 12.1;
				MTL_ENABLE_DEBUG_INFO = INCLUDE_SOURCE;
				MTL_FAST_MATH = YES;
				ONLY_ACTIVE_ARCH = YES;
				SDKROOT = iphoneos;
				SWIFT_ACTIVE_COMPILATION_CONDITIONS = DEBUG;
				SWIFT_OPTIMIZATION_LEVEL = "-Onone";
			};
			name = Debug;
		};
		292D7457219F925400414217 /* Release */ = {
			isa = XCBuildConfiguration;
			buildSettings = {
				ALWAYS_SEARCH_USER_PATHS = NO;
				CLANG_ANALYZER_NONNULL = YES;
				CLANG_ANALYZER_NUMBER_OBJECT_CONVERSION = YES_AGGRESSIVE;
				CLANG_CXX_LANGUAGE_STANDARD = "gnu++14";
				CLANG_CXX_LIBRARY = "libc++";
				CLANG_ENABLE_MODULES = YES;
				CLANG_ENABLE_OBJC_ARC = YES;
				CLANG_ENABLE_OBJC_WEAK = YES;
				CLANG_WARN_BLOCK_CAPTURE_AUTORELEASING = YES;
				CLANG_WARN_BOOL_CONVERSION = YES;
				CLANG_WARN_COMMA = YES;
				CLANG_WARN_CONSTANT_CONVERSION = YES;
				CLANG_WARN_DEPRECATED_OBJC_IMPLEMENTATIONS = YES;
				CLANG_WARN_DIRECT_OBJC_ISA_USAGE = YES_ERROR;
				CLANG_WARN_DOCUMENTATION_COMMENTS = YES;
				CLANG_WARN_EMPTY_BODY = YES;
				CLANG_WARN_ENUM_CONVERSION = YES;
				CLANG_WARN_INFINITE_RECURSION = YES;
				CLANG_WARN_INT_CONVERSION = YES;
				CLANG_WARN_NON_LITERAL_NULL_CONVERSION = YES;
				CLANG_WARN_OBJC_IMPLICIT_RETAIN_SELF = YES;
				CLANG_WARN_OBJC_LITERAL_CONVERSION = YES;
				CLANG_WARN_OBJC_ROOT_CLASS = YES_ERROR;
				CLANG_WARN_RANGE_LOOP_ANALYSIS = YES;
				CLANG_WARN_STRICT_PROTOTYPES = YES;
				CLANG_WARN_SUSPICIOUS_MOVE = YES;
				CLANG_WARN_UNGUARDED_AVAILABILITY = YES_AGGRESSIVE;
				CLANG_WARN_UNREACHABLE_CODE = YES;
				CLANG_WARN__DUPLICATE_METHOD_MATCH = YES;
				CODE_SIGN_IDENTITY = "iPhone Developer";
				COPY_PHASE_STRIP = NO;
				DEBUG_INFORMATION_FORMAT = "dwarf-with-dsym";
				ENABLE_NS_ASSERTIONS = NO;
				ENABLE_STRICT_OBJC_MSGSEND = YES;
				GCC_C_LANGUAGE_STANDARD = gnu11;
				GCC_NO_COMMON_BLOCKS = YES;
				GCC_WARN_64_TO_32_BIT_CONVERSION = YES;
				GCC_WARN_ABOUT_RETURN_TYPE = YES_ERROR;
				GCC_WARN_UNDECLARED_SELECTOR = YES;
				GCC_WARN_UNINITIALIZED_AUTOS = YES_AGGRESSIVE;
				GCC_WARN_UNUSED_FUNCTION = YES;
				GCC_WARN_UNUSED_VARIABLE = YES;
				IPHONEOS_DEPLOYMENT_TARGET = 12.1;
				MTL_ENABLE_DEBUG_INFO = NO;
				MTL_FAST_MATH = YES;
				SDKROOT = iphoneos;
				SWIFT_COMPILATION_MODE = wholemodule;
				SWIFT_OPTIMIZATION_LEVEL = "-O";
				VALIDATE_PRODUCT = YES;
			};
			name = Release;
		};
		292D7459219F925400414217 /* Debug */ = {
			isa = XCBuildConfiguration;
			baseConfigurationReference = 20C0835644452D0E2B85263B /* Pods-Rainmaker.debug.xcconfig */;
			buildSettings = {
				ASSETCATALOG_COMPILER_APPICON_NAME = AppIcon;
				CODE_SIGN_STYLE = Automatic;
				DEVELOPMENT_TEAM = JHAXB5UV33;
				INFOPLIST_FILE = "$(SRCROOT)/Rainmaker/Supporting Files/Info.plist";
				LD_RUNPATH_SEARCH_PATHS = (
					"$(inherited)",
					"@executable_path/Frameworks",
				);
				PRODUCT_BUNDLE_IDENTIFIER = com.jsoslow.Rainmaker;
				PRODUCT_NAME = "$(TARGET_NAME)";
				SWIFT_VERSION = 4.2;
				TARGETED_DEVICE_FAMILY = "1,2";
			};
			name = Debug;
		};
		292D745A219F925400414217 /* Release */ = {
			isa = XCBuildConfiguration;
			baseConfigurationReference = AF553E494EEDD03AF41DB269 /* Pods-Rainmaker.release.xcconfig */;
			buildSettings = {
				ASSETCATALOG_COMPILER_APPICON_NAME = AppIcon;
				CODE_SIGN_STYLE = Automatic;
				DEVELOPMENT_TEAM = JHAXB5UV33;
				INFOPLIST_FILE = "$(SRCROOT)/Rainmaker/Supporting Files/Info.plist";
				LD_RUNPATH_SEARCH_PATHS = (
					"$(inherited)",
					"@executable_path/Frameworks",
				);
				PRODUCT_BUNDLE_IDENTIFIER = com.jsoslow.Rainmaker;
				PRODUCT_NAME = "$(TARGET_NAME)";
				SWIFT_VERSION = 4.2;
				TARGETED_DEVICE_FAMILY = "1,2";
			};
			name = Release;
		};
/* End XCBuildConfiguration section */

/* Begin XCConfigurationList section */
		292D7441219F925000414217 /* Build configuration list for PBXProject "Rainmaker" */ = {
			isa = XCConfigurationList;
			buildConfigurations = (
				292D7456219F925400414217 /* Debug */,
				292D7457219F925400414217 /* Release */,
			);
			defaultConfigurationIsVisible = 0;
			defaultConfigurationName = Release;
		};
		292D7458219F925400414217 /* Build configuration list for PBXNativeTarget "Rainmaker" */ = {
			isa = XCConfigurationList;
			buildConfigurations = (
				292D7459219F925400414217 /* Debug */,
				292D745A219F925400414217 /* Release */,
			);
			defaultConfigurationIsVisible = 0;
			defaultConfigurationName = Release;
		};
/* End XCConfigurationList section */
	};
	rootObject = 292D743E219F925000414217 /* Project object */;
}
